{
  "requires": true,
  "lockfileVersion": 1,
  "dependencies": {
    "progress": {
      "version": "2.0.1",
      "resolved": "https://registry.npmjs.org/progress/-/progress-2.0.1.tgz",
      "integrity": "sha512-OE+a6vzqazc+K6LxJrX5UPyKFvGnL5CYmq2jFGNIBWHpc4QyE49/YOumcrpQFJpfejmvRtbJzgO1zPmMCqlbBg=="
    },
    "stdio": {
      "version": "0.2.7",
      "resolved": "https://registry.npmjs.org/stdio/-/stdio-0.2.7.tgz",
      "integrity": "sha1-ocV9oQ/hz6oMO/aDydB0PRtmCDk="
    }
  }
}
